
Microsoft Visual Studio Solution File, Format Version 12.00
Project("{FAE04EC0-301F-11D3-BF4B-00C04F79EFBC}") = "Blog.NET", "Blog.NET\Blog.NET.csproj", "{5884FD08-ACA2-4AEB-874E-101C6B4033A0}"
EndProject
Global
	GlobalSection(SolutionConfigurationPlatforms) = preSolution
		Debug|Any CPU = Debug|Any CPU
		Release|Any CPU = Release|Any CPU
	EndGlobalSection
	GlobalSection(ProjectConfigurationPlatforms) = postSolution
		{5884FD08-ACA2-4AEB-874E-101C6B4033A0}.Debug|Any CPU.ActiveCfg = Debug|Any CPU
		{5884FD08-ACA2-4AEB-874E-101C6B4033A0}.Debug|Any CPU.Build.0 = Debug|Any CPU
		{5884FD08-ACA2-4AEB-874E-101C6B4033A0}.Release|Any CPU.ActiveCfg = Release|Any CPU
		{5884FD08-ACA2-4AEB-874E-101C6B4033A0}.Release|Any CPU.Build.0 = Release|Any CPU
	EndGlobalSection
EndGlobal
